// !$*UTF8*$!
{
	archiveVersion = 1;
	classes = {
	};
	objectVersion = 56;
	objects = {

/* Begin PBXBuildFile section */
		666F3DA72A94FB8600142BF5 /* PlanetService.swift in Sources */ = {isa = PBXBuildFile; fileRef = 666F3DA62A94FB8600142BF5 /* PlanetService.swift */; };
		66816A332A93ACE000F19CAB /* CharacterDetailTableView.swift in Sources */ = {isa = PBXBuildFile; fileRef = 66816A322A93ACE000F19CAB /* CharacterDetailTableView.swift */; };
		66816A352A93ACF300F19CAB /* CharacterInfoTableViewCell.swift in Sources */ = {isa = PBXBuildFile; fileRef = 66816A342A93ACF300F19CAB /* CharacterInfoTableViewCell.swift */; };
		6687F3332A94BFEE005E6EE4 /* EpisodeModel.swift in Sources */ = {isa = PBXBuildFile; fileRef = 6687F3322A94BFEE005E6EE4 /* EpisodeModel.swift */; };
		6687F3352A94C00C005E6EE4 /* EpisodeService.swift in Sources */ = {isa = PBXBuildFile; fileRef = 6687F3342A94C00B005E6EE4 /* EpisodeService.swift */; };
		6687F3372A94FA1C005E6EE4 /* PlanetModel.swift in Sources */ = {isa = PBXBuildFile; fileRef = 6687F3362A94FA1C005E6EE4 /* PlanetModel.swift */; };
		6693D7ED2A90E62900C895FB /* CharacterModel.swift in Sources */ = {isa = PBXBuildFile; fileRef = 6693D7EC2A90E62900C895FB /* CharacterModel.swift */; };
		669E6BDC2A90E09A007DDC8C /* CharacterDetailsViewController.swift in Sources */ = {isa = PBXBuildFile; fileRef = 669E6BDB2A90E09A007DDC8C /* CharacterDetailsViewController.swift */; };
		669E6BE02A90E352007DDC8C /* URlSession + URLRequest.swift in Sources */ = {isa = PBXBuildFile; fileRef = 669E6BDF2A90E352007DDC8C /* URlSession + URLRequest.swift */; };
		669E6BE22A90E398007DDC8C /* CharactersService.swift in Sources */ = {isa = PBXBuildFile; fileRef = 669E6BE12A90E398007DDC8C /* CharactersService.swift */; };
		66AE80252A90D96E005F9F81 /* AppDelegate.swift in Sources */ = {isa = PBXBuildFile; fileRef = 66AE80242A90D96E005F9F81 /* AppDelegate.swift */; };
		66AE80272A90D96E005F9F81 /* SceneDelegate.swift in Sources */ = {isa = PBXBuildFile; fileRef = 66AE80262A90D96E005F9F81 /* SceneDelegate.swift */; };
		66AE80292A90D96E005F9F81 /* CharactersListViewController.swift in Sources */ = {isa = PBXBuildFile; fileRef = 66AE80282A90D96E005F9F81 /* CharactersListViewController.swift */; };
		66AE802C2A90D96E005F9F81 /* Main.storyboard in Resources */ = {isa = PBXBuildFile; fileRef = 66AE802A2A90D96E005F9F81 /* Main.storyboard */; };
		66AE802E2A90D96F005F9F81 /* Assets.xcassets in Resources */ = {isa = PBXBuildFile; fileRef = 66AE802D2A90D96F005F9F81 /* Assets.xcassets */; };
		66AE80312A90D96F005F9F81 /* LaunchScreen.storyboard in Resources */ = {isa = PBXBuildFile; fileRef = 66AE802F2A90D96F005F9F81 /* LaunchScreen.storyboard */; };
		66F4965E2A93BD0E00EB8E8B /* CharacterEpisodesTableViewCell.swift in Sources */ = {isa = PBXBuildFile; fileRef = 66F4965D2A93BD0E00EB8E8B /* CharacterEpisodesTableViewCell.swift */; };
		66F496602A93BD2000EB8E8B /* CharacterOriginTableViewCell.swift in Sources */ = {isa = PBXBuildFile; fileRef = 66F4965F2A93BD2000EB8E8B /* CharacterOriginTableViewCell.swift */; };
		66F4DF0C2A924EF10043312B /* UIimageLoadImage.swift in Sources */ = {isa = PBXBuildFile; fileRef = 66F4DF0B2A924EF10043312B /* UIimageLoadImage.swift */; };
		66F92FF02A924F870042B8E2 /* CharactersCollectionView.swift in Sources */ = {isa = PBXBuildFile; fileRef = 66F92FEE2A924F870042B8E2 /* CharactersCollectionView.swift */; };
		66F92FF12A924F870042B8E2 /* CharactersCollectionViewCell.swift in Sources */ = {isa = PBXBuildFile; fileRef = 66F92FEF2A924F870042B8E2 /* CharactersCollectionViewCell.swift */; };
/* End PBXBuildFile section */

/* Begin PBXFileReference section */
		666F3DA62A94FB8600142BF5 /* PlanetService.swift */ = {isa = PBXFileReference; fileEncoding = 4; lastKnownFileType = sourcecode.swift; path = PlanetService.swift; sourceTree = "<group>"; };
		66816A322A93ACE000F19CAB /* CharacterDetailTableView.swift */ = {isa = PBXFileReference; lastKnownFileType = sourcecode.swift; path = CharacterDetailTableView.swift; sourceTree = "<group>"; };
		66816A342A93ACF300F19CAB /* CharacterInfoTableViewCell.swift */ = {isa = PBXFileReference; lastKnownFileType = sourcecode.swift; path = CharacterInfoTableViewCell.swift; sourceTree = "<group>"; };
		6687F3322A94BFEE005E6EE4 /* EpisodeModel.swift */ = {isa = PBXFileReference; fileEncoding = 4; lastKnownFileType = sourcecode.swift; path = EpisodeModel.swift; sourceTree = "<group>"; };
		6687F3342A94C00B005E6EE4 /* EpisodeService.swift */ = {isa = PBXFileReference; fileEncoding = 4; lastKnownFileType = sourcecode.swift; path = EpisodeService.swift; sourceTree = "<group>"; };
		6687F3362A94FA1C005E6EE4 /* PlanetModel.swift */ = {isa = PBXFileReference; lastKnownFileType = sourcecode.swift; path = PlanetModel.swift; sourceTree = "<group>"; };
		6693D7EC2A90E62900C895FB /* CharacterModel.swift */ = {isa = PBXFileReference; fileEncoding = 4; lastKnownFileType = sourcecode.swift; path = CharacterModel.swift; sourceTree = "<group>"; };
		669E6BDB2A90E09A007DDC8C /* CharacterDetailsViewController.swift */ = {isa = PBXFileReference; fileEncoding = 4; lastKnownFileType = sourcecode.swift; path = CharacterDetailsViewController.swift; sourceTree = "<group>"; };
		669E6BDF2A90E352007DDC8C /* URlSession + URLRequest.swift */ = {isa = PBXFileReference; fileEncoding = 4; lastKnownFileType = sourcecode.swift; path = "URlSession + URLRequest.swift"; sourceTree = "<group>"; };
		669E6BE12A90E398007DDC8C /* CharactersService.swift */ = {isa = PBXFileReference; fileEncoding = 4; lastKnownFileType = sourcecode.swift; path = CharactersService.swift; sourceTree = "<group>"; };
		66AE80212A90D96E005F9F81 /* Rick and Morthy.app */ = {isa = PBXFileReference; explicitFileType = wrapper.application; includeInIndex = 0; path = "Rick and Morthy.app"; sourceTree = BUILT_PRODUCTS_DIR; };
		66AE80242A90D96E005F9F81 /* AppDelegate.swift */ = {isa = PBXFileReference; lastKnownFileType = sourcecode.swift; path = AppDelegate.swift; sourceTree = "<group>"; };
		66AE80262A90D96E005F9F81 /* SceneDelegate.swift */ = {isa = PBXFileReference; lastKnownFileType = sourcecode.swift; path = SceneDelegate.swift; sourceTree = "<group>"; };
		66AE80282A90D96E005F9F81 /* CharactersListViewController.swift */ = {isa = PBXFileReference; lastKnownFileType = sourcecode.swift; path = CharactersListViewController.swift; sourceTree = "<group>"; };
		66AE802B2A90D96E005F9F81 /* Base */ = {isa = PBXFileReference; lastKnownFileType = file.storyboard; name = Base; path = Base.lproj/Main.storyboard; sourceTree = "<group>"; };
		66AE802D2A90D96F005F9F81 /* Assets.xcassets */ = {isa = PBXFileReference; lastKnownFileType = folder.assetcatalog; path = Assets.xcassets; sourceTree = "<group>"; };
		66AE80302A90D96F005F9F81 /* Base */ = {isa = PBXFileReference; lastKnownFileType = file.storyboard; name = Base; path = Base.lproj/LaunchScreen.storyboard; sourceTree = "<group>"; };
		66AE80322A90D96F005F9F81 /* Info.plist */ = {isa = PBXFileReference; lastKnownFileType = text.plist.xml; path = Info.plist; sourceTree = "<group>"; };
		66F4965D2A93BD0E00EB8E8B /* CharacterEpisodesTableViewCell.swift */ = {isa = PBXFileReference; lastKnownFileType = sourcecode.swift; path = CharacterEpisodesTableViewCell.swift; sourceTree = "<group>"; };
		66F4965F2A93BD2000EB8E8B /* CharacterOriginTableViewCell.swift */ = {isa = PBXFileReference; fileEncoding = 4; lastKnownFileType = sourcecode.swift; path = CharacterOriginTableViewCell.swift; sourceTree = "<group>"; };
		66F4DF0B2A924EF10043312B /* UIimageLoadImage.swift */ = {isa = PBXFileReference; fileEncoding = 4; lastKnownFileType = sourcecode.swift; path = UIimageLoadImage.swift; sourceTree = "<group>"; };
		66F92FEE2A924F870042B8E2 /* CharactersCollectionView.swift */ = {isa = PBXFileReference; fileEncoding = 4; lastKnownFileType = sourcecode.swift; path = CharactersCollectionView.swift; sourceTree = "<group>"; };
		66F92FEF2A924F870042B8E2 /* CharactersCollectionViewCell.swift */ = {isa = PBXFileReference; fileEncoding = 4; lastKnownFileType = sourcecode.swift; path = CharactersCollectionViewCell.swift; sourceTree = "<group>"; };
/* End PBXFileReference section */

/* Begin PBXFrameworksBuildPhase section */
		66AE801E2A90D96E005F9F81 /* Frameworks */ = {
			isa = PBXFrameworksBuildPhase;
			buildActionMask = 2147483647;
			files = (
			);
			runOnlyForDeploymentPostprocessing = 0;
		};
/* End PBXFrameworksBuildPhase section */

/* Begin PBXGroup section */
		669E6BDD2A90E32D007DDC8C /* Services */ = {
			isa = PBXGroup;
			children = (
				666F3DA62A94FB8600142BF5 /* PlanetService.swift */,
				6687F3342A94C00B005E6EE4 /* EpisodeService.swift */,
				669E6BE12A90E398007DDC8C /* CharactersService.swift */,
			);
			path = Services;
			sourceTree = "<group>";
		};
		669E6BDE2A90E336007DDC8C /* Helpers */ = {
			isa = PBXGroup;
			children = (
				66F4DF0B2A924EF10043312B /* UIimageLoadImage.swift */,
				669E6BDF2A90E352007DDC8C /* URlSession + URLRequest.swift */,
			);
			path = Helpers;
			sourceTree = "<group>";
		};
		669E6BE32A90E489007DDC8C /* Models */ = {
			isa = PBXGroup;
			children = (
				6693D7EC2A90E62900C895FB /* CharacterModel.swift */,
				6687F3362A94FA1C005E6EE4 /* PlanetModel.swift */,
				6687F3322A94BFEE005E6EE4 /* EpisodeModel.swift */,
			);
			path = Models;
			sourceTree = "<group>";
		};
		66AE80182A90D96E005F9F81 = {
			isa = PBXGroup;
			children = (
				66AE80232A90D96E005F9F81 /* Rick and Morthy */,
				66AE80222A90D96E005F9F81 /* Products */,
			);
			sourceTree = "<group>";
		};
		66AE80222A90D96E005F9F81 /* Products */ = {
			isa = PBXGroup;
			children = (
				66AE80212A90D96E005F9F81 /* Rick and Morthy.app */,
			);
			name = Products;
			sourceTree = "<group>";
		};
		66AE80232A90D96E005F9F81 /* Rick and Morthy */ = {
			isa = PBXGroup;
			children = (
				66F92FF32A924FB30042B8E2 /* Presentation */,
				669E6BE32A90E489007DDC8C /* Models */,
				669E6BDE2A90E336007DDC8C /* Helpers */,
				669E6BDD2A90E32D007DDC8C /* Services */,
				66AE80242A90D96E005F9F81 /* AppDelegate.swift */,
				66AE80262A90D96E005F9F81 /* SceneDelegate.swift */,
				66AE802A2A90D96E005F9F81 /* Main.storyboard */,
				66AE802D2A90D96F005F9F81 /* Assets.xcassets */,
				66AE802F2A90D96F005F9F81 /* LaunchScreen.storyboard */,
				66AE80322A90D96F005F9F81 /* Info.plist */,
			);
			path = "Rick and Morthy";
			sourceTree = "<group>";
		};
		66F92FF22A924F920042B8E2 /* CharactersList */ = {
			isa = PBXGroup;
			children = (
				66F92FEE2A924F870042B8E2 /* CharactersCollectionView.swift */,
				66AE80282A90D96E005F9F81 /* CharactersListViewController.swift */,
				66F92FEF2A924F870042B8E2 /* CharactersCollectionViewCell.swift */,
			);
			path = CharactersList;
			sourceTree = "<group>";
		};
		66F92FF32A924FB30042B8E2 /* Presentation */ = {
			isa = PBXGroup;
			children = (
				669E6BDB2A90E09A007DDC8C /* CharacterDetailsViewController.swift */,
				66816A322A93ACE000F19CAB /* CharacterDetailTableView.swift */,
				66F4965F2A93BD2000EB8E8B /* CharacterOriginTableViewCell.swift */,
				66F4965D2A93BD0E00EB8E8B /* CharacterEpisodesTableViewCell.swift */,
				66816A342A93ACF300F19CAB /* CharacterInfoTableViewCell.swift */,
				66F92FF22A924F920042B8E2 /* CharactersList */,
			);
			path = Presentation;
			sourceTree = "<group>";
		};
/* End PBXGroup section */

/* Begin PBXNativeTarget section */
		66AE80202A90D96E005F9F81 /* Rick and Morthy */ = {
			isa = PBXNativeTarget;
			buildConfigurationList = 66AE80352A90D96F005F9F81 /* Build configuration list for PBXNativeTarget "Rick and Morthy" */;
			buildPhases = (
				66AE801D2A90D96E005F9F81 /* Sources */,
				66AE801E2A90D96E005F9F81 /* Frameworks */,
				66AE801F2A90D96E005F9F81 /* Resources */,
			);
			buildRules = (
			);
			dependencies = (
			);
			name = "Rick and Morthy";
			productName = "Rick and Morthy";
			productReference = 66AE80212A90D96E005F9F81 /* Rick and Morthy.app */;
			productType = "com.apple.product-type.application";
		};
/* End PBXNativeTarget section */

/* Begin PBXProject section */
		66AE80192A90D96E005F9F81 /* Project object */ = {
			isa = PBXProject;
			attributes = {
				BuildIndependentTargetsInParallel = 1;
				LastSwiftUpdateCheck = 1500;
				LastUpgradeCheck = 1500;
				TargetAttributes = {
					66AE80202A90D96E005F9F81 = {
						CreatedOnToolsVersion = 15.0;
					};
				};
			};
			buildConfigurationList = 66AE801C2A90D96E005F9F81 /* Build configuration list for PBXProject "Rick and Morthy" */;
			compatibilityVersion = "Xcode 14.0";
			developmentRegion = en;
			hasScannedForEncodings = 0;
			knownRegions = (
				en,
				Base,
			);
			mainGroup = 66AE80182A90D96E005F9F81;
			productRefGroup = 66AE80222A90D96E005F9F81 /* Products */;
			projectDirPath = "";
			projectRoot = "";
			targets = (
				66AE80202A90D96E005F9F81 /* Rick and Morthy */,
			);
		};
/* End PBXProject section */

/* Begin PBXResourcesBuildPhase section */
		66AE801F2A90D96E005F9F81 /* Resources */ = {
			isa = PBXResourcesBuildPhase;
			buildActionMask = 2147483647;
			files = (
				66AE80312A90D96F005F9F81 /* LaunchScreen.storyboard in Resources */,
				66AE802E2A90D96F005F9F81 /* Assets.xcassets in Resources */,
				66AE802C2A90D96E005F9F81 /* Main.storyboard in Resources */,
			);
			runOnlyForDeploymentPostprocessing = 0;
		};
/* End PBXResourcesBuildPhase section */

/* Begin PBXSourcesBuildPhase section */
		66AE801D2A90D96E005F9F81 /* Sources */ = {
			isa = PBXSourcesBuildPhase;
			buildActionMask = 2147483647;
			files = (
				66816A352A93ACF300F19CAB /* CharacterInfoTableViewCell.swift in Sources */,
				66AE80292A90D96E005F9F81 /* CharactersListViewController.swift in Sources */,
				669E6BDC2A90E09A007DDC8C /* CharacterDetailsViewController.swift in Sources */,
				669E6BE22A90E398007DDC8C /* CharactersService.swift in Sources */,
				66816A332A93ACE000F19CAB /* CharacterDetailTableView.swift in Sources */,
				66F92FF02A924F870042B8E2 /* CharactersCollectionView.swift in Sources */,
				66F4965E2A93BD0E00EB8E8B /* CharacterEpisodesTableViewCell.swift in Sources */,
				66F92FF12A924F870042B8E2 /* CharactersCollectionViewCell.swift in Sources */,
				6687F3372A94FA1C005E6EE4 /* PlanetModel.swift in Sources */,
				666F3DA72A94FB8600142BF5 /* PlanetService.swift in Sources */,
				669E6BE02A90E352007DDC8C /* URlSession + URLRequest.swift in Sources */,
				6687F3352A94C00C005E6EE4 /* EpisodeService.swift in Sources */,
				66F496602A93BD2000EB8E8B /* CharacterOriginTableViewCell.swift in Sources */,
				66AE80252A90D96E005F9F81 /* AppDelegate.swift in Sources */,
				66F4DF0C2A924EF10043312B /* UIimageLoadImage.swift in Sources */,
				6693D7ED2A90E62900C895FB /* CharacterModel.swift in Sources */,
				66AE80272A90D96E005F9F81 /* SceneDelegate.swift in Sources */,
				6687F3332A94BFEE005E6EE4 /* EpisodeModel.swift in Sources */,
			);
			runOnlyForDeploymentPostprocessing = 0;
		};
/* End PBXSourcesBuildPhase section */

/* Begin PBXVariantGroup section */
		66AE802A2A90D96E005F9F81 /* Main.storyboard */ = {
			isa = PBXVariantGroup;
			children = (
				66AE802B2A90D96E005F9F81 /* Base */,
			);
			name = Main.storyboard;
			sourceTree = "<group>";
		};
		66AE802F2A90D96F005F9F81 /* LaunchScreen.storyboard */ = {
			isa = PBXVariantGroup;
			children = (
				66AE80302A90D96F005F9F81 /* Base */,
			);
			name = LaunchScreen.storyboard;
			sourceTree = "<group>";
		};
/* End PBXVariantGroup section */

/* Begin XCBuildConfiguration section */
		66AE80332A90D96F005F9F81 /* Debug */ = {
			isa = XCBuildConfiguration;
			buildSettings = {
				ALWAYS_SEARCH_USER_PATHS = NO;
				ASSETCATALOG_COMPILER_GENERATE_SWIFT_ASSET_SYMBOL_EXTENSIONS = YES;
				CLANG_ANALYZER_NONNULL = YES;
				CLANG_ANALYZER_NUMBER_OBJECT_CONVERSION = YES_AGGRESSIVE;
				CLANG_CXX_LANGUAGE_STANDARD = "gnu++20";
				CLANG_ENABLE_MODULES = YES;
				CLANG_ENABLE_OBJC_ARC = YES;
				CLANG_ENABLE_OBJC_WEAK = YES;
				CLANG_WARN_BLOCK_CAPTURE_AUTORELEASING = YES;
				CLANG_WARN_BOOL_CONVERSION = YES;
				CLANG_WARN_COMMA = YES;
				CLANG_WARN_CONSTANT_CONVERSION = YES;
				CLANG_WARN_DEPRECATED_OBJC_IMPLEMENTATIONS = YES;
				CLANG_WARN_DIRECT_OBJC_ISA_USAGE = YES_ERROR;
				CLANG_WARN_DOCUMENTATION_COMMENTS = YES;
				CLANG_WARN_EMPTY_BODY = YES;
				CLANG_WARN_ENUM_CONVERSION = YES;
				CLANG_WARN_INFINITE_RECURSION = YES;
				CLANG_WARN_INT_CONVERSION = YES;
				CLANG_WARN_NON_LITERAL_NULL_CONVERSION = YES;
				CLANG_WARN_OBJC_IMPLICIT_RETAIN_SELF = YES;
				CLANG_WARN_OBJC_LITERAL_CONVERSION = YES;
				CLANG_WARN_OBJC_ROOT_CLASS = YES_ERROR;
				CLANG_WARN_QUOTED_INCLUDE_IN_FRAMEWORK_HEADER = YES;
				CLANG_WARN_RANGE_LOOP_ANALYSIS = YES;
				CLANG_WARN_STRICT_PROTOTYPES = YES;
				CLANG_WARN_SUSPICIOUS_MOVE = YES;
				CLANG_WARN_UNGUARDED_AVAILABILITY = YES_AGGRESSIVE;
				CLANG_WARN_UNREACHABLE_CODE = YES;
				CLANG_WARN__DUPLICATE_METHOD_MATCH = YES;
				COPY_PHASE_STRIP = NO;
				DEBUG_INFORMATION_FORMAT = dwarf;
				ENABLE_STRICT_OBJC_MSGSEND = YES;
				ENABLE_TESTABILITY = YES;
				ENABLE_USER_SCRIPT_SANDBOXING = YES;
				GCC_C_LANGUAGE_STANDARD = gnu17;
				GCC_DYNAMIC_NO_PIC = NO;
				GCC_NO_COMMON_BLOCKS = YES;
				GCC_OPTIMIZATION_LEVEL = 0;
				GCC_PREPROCESSOR_DEFINITIONS = (
					"DEBUG=1",
					"$(inherited)",
				);
				GCC_WARN_64_TO_32_BIT_CONVERSION = YES;
				GCC_WARN_ABOUT_RETURN_TYPE = YES_ERROR;
				GCC_WARN_UNDECLARED_SELECTOR = YES;
				GCC_WARN_UNINITIALIZED_AUTOS = YES_AGGRESSIVE;
				GCC_WARN_UNUSED_FUNCTION = YES;
				GCC_WARN_UNUSED_VARIABLE = YES;
				IPHONEOS_DEPLOYMENT_TARGET = 17.0;
				LOCALIZATION_PREFERS_STRING_CATALOGS = YES;
				MTL_ENABLE_DEBUG_INFO = INCLUDE_SOURCE;
				MTL_FAST_MATH = YES;
				ONLY_ACTIVE_ARCH = YES;
				SDKROOT = iphoneos;
				SWIFT_ACTIVE_COMPILATION_CONDITIONS = "DEBUG $(inherited)";
				SWIFT_OPTIMIZATION_LEVEL = "-Onone";
			};
			name = Debug;
		};
		66AE80342A90D96F005F9F81 /* Release */ = {
			isa = XCBuildConfiguration;
			buildSettings = {
				ALWAYS_SEARCH_USER_PATHS = NO;
				ASSETCATALOG_COMPILER_GENERATE_SWIFT_ASSET_SYMBOL_EXTENSIONS = YES;
				CLANG_ANALYZER_NONNULL = YES;
				CLANG_ANALYZER_NUMBER_OBJECT_CONVERSION = YES_AGGRESSIVE;
				CLANG_CXX_LANGUAGE_STANDARD = "gnu++20";
				CLANG_ENABLE_MODULES = YES;
				CLANG_ENABLE_OBJC_ARC = YES;
				CLANG_ENABLE_OBJC_WEAK = YES;
				CLANG_WARN_BLOCK_CAPTURE_AUTORELEASING = YES;
				CLANG_WARN_BOOL_CONVERSION = YES;
				CLANG_WARN_COMMA = YES;
				CLANG_WARN_CONSTANT_CONVERSION = YES;
				CLANG_WARN_DEPRECATED_OBJC_IMPLEMENTATIONS = YES;
				CLANG_WARN_DIRECT_OBJC_ISA_USAGE = YES_ERROR;
				CLANG_WARN_DOCUMENTATION_COMMENTS = YES;
				CLANG_WARN_EMPTY_BODY = YES;
				CLANG_WARN_ENUM_CONVERSION = YES;
				CLANG_WARN_INFINITE_RECURSION = YES;
				CLANG_WARN_INT_CONVERSION = YES;
				CLANG_WARN_NON_LITERAL_NULL_CONVERSION = YES;
				CLANG_WARN_OBJC_IMPLICIT_RETAIN_SELF = YES;
				CLANG_WARN_OBJC_LITERAL_CONVERSION = YES;
				CLANG_WARN_OBJC_ROOT_CLASS = YES_ERROR;
				CLANG_WARN_QUOTED_INCLUDE_IN_FRAMEWORK_HEADER = YES;
				CLANG_WARN_RANGE_LOOP_ANALYSIS = YES;
				CLANG_WARN_STRICT_PROTOTYPES = YES;
				CLANG_WARN_SUSPICIOUS_MOVE = YES;
				CLANG_WARN_UNGUARDED_AVAILABILITY = YES_AGGRESSIVE;
				CLANG_WARN_UNREACHABLE_CODE = YES;
				CLANG_WARN__DUPLICATE_METHOD_MATCH = YES;
				COPY_PHASE_STRIP = NO;
				DEBUG_INFORMATION_FORMAT = "dwarf-with-dsym";
				ENABLE_NS_ASSERTIONS = NO;
				ENABLE_STRICT_OBJC_MSGSEND = YES;
				ENABLE_USER_SCRIPT_SANDBOXING = YES;
				GCC_C_LANGUAGE_STANDARD = gnu17;
				GCC_NO_COMMON_BLOCKS = YES;
				GCC_WARN_64_TO_32_BIT_CONVERSION = YES;
				GCC_WARN_ABOUT_RETURN_TYPE = YES_ERROR;
				GCC_WARN_UNDECLARED_SELECTOR = YES;
				GCC_WARN_UNINITIALIZED_AUTOS = YES_AGGRESSIVE;
				GCC_WARN_UNUSED_FUNCTION = YES;
				GCC_WARN_UNUSED_VARIABLE = YES;
				IPHONEOS_DEPLOYMENT_TARGET = 17.0;
				LOCALIZATION_PREFERS_STRING_CATALOGS = YES;
				MTL_ENABLE_DEBUG_INFO = NO;
				MTL_FAST_MATH = YES;
				SDKROOT = iphoneos;
				SWIFT_COMPILATION_MODE = wholemodule;
				VALIDATE_PRODUCT = YES;
			};
			name = Release;
		};
		66AE80362A90D96F005F9F81 /* Debug */ = {
			isa = XCBuildConfiguration;
			buildSettings = {
				ASSETCATALOG_COMPILER_APPICON_NAME = AppIcon;
				ASSETCATALOG_COMPILER_GLOBAL_ACCENT_COLOR_NAME = AccentColor;
				CODE_SIGN_STYLE = Automatic;
				CURRENT_PROJECT_VERSION = 1;
				DEVELOPMENT_TEAM = C3BZB3Q66B;
				GENERATE_INFOPLIST_FILE = YES;
				INFOPLIST_FILE = "Rick and Morthy/Info.plist";
				INFOPLIST_KEY_UIApplicationSupportsIndirectInputEvents = YES;
				INFOPLIST_KEY_UILaunchStoryboardName = LaunchScreen;
				INFOPLIST_KEY_UISupportedInterfaceOrientations_iPad = "UIInterfaceOrientationPortrait UIInterfaceOrientationPortraitUpsideDown UIInterfaceOrientationLandscapeLeft UIInterfaceOrientationLandscapeRight";
				INFOPLIST_KEY_UISupportedInterfaceOrientations_iPhone = "UIInterfaceOrientationPortrait UIInterfaceOrientationLandscapeLeft UIInterfaceOrientationLandscapeRight";
				LD_RUNPATH_SEARCH_PATHS = (
					"$(inherited)",
					"@executable_path/Frameworks",
				);
				MARKETING_VERSION = 1.0;
				PRODUCT_BUNDLE_IDENTIFIER = "ru.Georgy-hook.Rick-and-Morthy";
				PRODUCT_NAME = "$(TARGET_NAME)";
				SWIFT_EMIT_LOC_STRINGS = YES;
				SWIFT_VERSION = 5.0;
				TARGETED_DEVICE_FAMILY = "1,2";
			};
			name = Debug;
		};
		66AE80372A90D96F005F9F81 /* Release */ = {
			isa = XCBuildConfiguration;
			buildSettings = {
				ASSETCATALOG_COMPILER_APPICON_NAME = AppIcon;
				ASSETCATALOG_COMPILER_GLOBAL_ACCENT_COLOR_NAME = AccentColor;
				CODE_SIGN_STYLE = Automatic;
				CURRENT_PROJECT_VERSION = 1;
				DEVELOPMENT_TEAM = C3BZB3Q66B;
				GENERATE_INFOPLIST_FILE = YES;
				INFOPLIST_FILE = "Rick and Morthy/Info.plist";
				INFOPLIST_KEY_UIApplicationSupportsIndirectInputEvents = YES;
				INFOPLIST_KEY_UILaunchStoryboardName = LaunchScreen;
				INFOPLIST_KEY_UISupportedInterfaceOrientations_iPad = "UIInterfaceOrientationPortrait UIInterfaceOrientationPortraitUpsideDown UIInterfaceOrientationLandscapeLeft UIInterfaceOrientationLandscapeRight";
				INFOPLIST_KEY_UISupportedInterfaceOrientations_iPhone = "UIInterfaceOrientationPortrait UIInterfaceOrientationLandscapeLeft UIInterfaceOrientationLandscapeRight";
				LD_RUNPATH_SEARCH_PATHS = (
					"$(inherited)",
					"@executable_path/Frameworks",
				);
				MARKETING_VERSION = 1.0;
				PRODUCT_BUNDLE_IDENTIFIER = "ru.Georgy-hook.Rick-and-Morthy";
				PRODUCT_NAME = "$(TARGET_NAME)";
				SWIFT_EMIT_LOC_STRINGS = YES;
				SWIFT_VERSION = 5.0;
				TARGETED_DEVICE_FAMILY = "1,2";
			};
			name = Release;
		};
/* End XCBuildConfiguration section */

/* Begin XCConfigurationList section */
		66AE801C2A90D96E005F9F81 /* Build configuration list for PBXProject "Rick and Morthy" */ = {
			isa = XCConfigurationList;
			buildConfigurations = (
				66AE80332A90D96F005F9F81 /* Debug */,
				66AE80342A90D96F005F9F81 /* Release */,
			);
			defaultConfigurationIsVisible = 0;
			defaultConfigurationName = Release;
		};
		66AE80352A90D96F005F9F81 /* Build configuration list for PBXNativeTarget "Rick and Morthy" */ = {
			isa = XCConfigurationList;
			buildConfigurations = (
				66AE80362A90D96F005F9F81 /* Debug */,
				66AE80372A90D96F005F9F81 /* Release */,
			);
			defaultConfigurationIsVisible = 0;
			defaultConfigurationName = Release;
		};
/* End XCConfigurationList section */
	};
	rootObject = 66AE80192A90D96E005F9F81 /* Project object */;
}
